
Microsoft Visual Studio Solution File, Format Version 12.00
# Visual Studio Version 16
VisualStudioVersion = 16.0.30204.135
MinimumVisualStudioVersion = 10.0.40219.1
Project("{9A19103F-16F7-4668-BE54-9A1E7A4F7556}") = "SAST.Engine.CSharp.Tests", "SAST.Engine.CSharp.Tests\SAST.Engine.CSharp.Tests.csproj", "{5A412DC5-E0B7-40F2-B1B4-34C633153C66}"
EndProject
Project("{9A19103F-16F7-4668-BE54-9A1E7A4F7556}") = "SAST.Engine.CSharp", "SAST.Engine.CSharp\SAST.Engine.CSharp.csproj", "{85FBA891-EA3A-4506-9A02-E79D5EA13FF1}"
EndProject
Project("{2150E333-8FDC-42A3-9474-1A3956D46DE8}") = "Examples", "Examples", "{A76DFEAE-D9FB-4420-BE1F-043232E123C9}"
	ProjectSection(SolutionItems) = preProject
		Examples\CookieFlagScan1.txt = Examples\CookieFlagScan1.txt
		Examples\CookieFlagScan2.txt = Examples\CookieFlagScan2.txt
		Examples\CookieFlagScan3.txt = Examples\CookieFlagScan3.txt
		Examples\CookieFlagScan4.txt = Examples\CookieFlagScan4.txt
		Examples\CookieFlagScan5.txt = Examples\CookieFlagScan5.txt
		Examples\Credentials1.txt = Examples\Credentials1.txt
		Examples\Credentials2.txt = Examples\Credentials2.txt
		Examples\Credentials3.txt = Examples\Credentials3.txt
		Examples\CsrfScanner1.txt = Examples\CsrfScanner1.txt
		Examples\CsrfScanner2.txt = Examples\CsrfScanner2.txt
		Examples\EmptyTry1.txt = Examples\EmptyTry1.txt
		Examples\InsecureDeserialize.cs = Examples\InsecureDeserialize.cs
		Examples\InsecureRandomScan1.txt = Examples\InsecureRandomScan1.txt
		Examples\LdapScan1.txt = Examples\LdapScan1.txt
		Examples\OpenRedirect1.txt = Examples\OpenRedirect1.txt
		Examples\OpenRedirect2.txt = Examples\OpenRedirect2.txt
		Examples\OpenRedirect3_Core.txt = Examples\OpenRedirect3_Core.txt
		Examples\Sample1.txt = Examples\Sample1.txt
		Examples\Sample2.txt = Examples\Sample2.txt
		Examples\Sample3.txt = Examples\Sample3.txt
		Examples\Sample4.txt = Examples\Sample4.txt
		Examples\Sample5.txt = Examples\Sample5.txt
		Examples\Sample6.txt = Examples\Sample6.txt
		Examples\SQLInjection1.txt = Examples\SQLInjection1.txt
		Examples\SQLInjection10.txt = Examples\SQLInjection10.txt
		Examples\SQLInjection11.txt = Examples\SQLInjection11.txt
		Examples\SQLInjection12.txt = Examples\SQLInjection12.txt
		Examples\SQLInjection2.txt = Examples\SQLInjection2.txt
		Examples\SQLInjection3.txt = Examples\SQLInjection3.txt
		Examples\SQLInjection4.txt = Examples\SQLInjection4.txt
		Examples\SQLInjection5.txt = Examples\SQLInjection5.txt
		Examples\SQLInjection6.txt = Examples\SQLInjection6.txt
		Examples\SQLInjection7.txt = Examples\SQLInjection7.txt
		Examples\SQLInjection8.txt = Examples\SQLInjection8.txt
		Examples\SQLInjection9.txt = Examples\SQLInjection9.txt
		Examples\WeakCipher1.cs = Examples\WeakCipher1.cs
		Examples\WeakHash1.txt = Examples\WeakHash1.txt
		Examples\WeakHash2.txt = Examples\WeakHash2.txt
		Examples\WeakPassword1.txt = Examples\WeakPassword1.txt
		Examples\WeakPassword2.txt = Examples\WeakPassword2.txt
		Examples\WeakPassword3.txt = Examples\WeakPassword3.txt
		Examples\WeakSymmetric1.cs = Examples\WeakSymmetric1.cs
		Examples\Web.config = Examples\Web.config
		Examples\XPathExample1.cs = Examples\XPathExample1.cs
		Examples\XssExample1.cs = Examples\XssExample1.cs
		Examples\XssExample2.cs = Examples\XssExample2.cs
		Examples\XxeExample1.cs = Examples\XxeExample1.cs
		Examples\XxeExample2.cs = Examples\XxeExample2.cs
	EndProjectSection
EndProject
Project("{9A19103F-16F7-4668-BE54-9A1E7A4F7556}") = "SAST.Engine.CSharp.WebApi", "SAST.Engine.CSharp.WebApi\SAST.Engine.CSharp.WebApi.csproj", "{12209E92-169C-439A-9140-B86A6A5FCD8F}"
EndProject
Global
	GlobalSection(SolutionConfigurationPlatforms) = preSolution
		Debug|Any CPU = Debug|Any CPU
		Release|Any CPU = Release|Any CPU
	EndGlobalSection
	GlobalSection(ProjectConfigurationPlatforms) = postSolution
		{5A412DC5-E0B7-40F2-B1B4-34C633153C66}.Debug|Any CPU.ActiveCfg = Debug|Any CPU
		{5A412DC5-E0B7-40F2-B1B4-34C633153C66}.Debug|Any CPU.Build.0 = Debug|Any CPU
		{5A412DC5-E0B7-40F2-B1B4-34C633153C66}.Release|Any CPU.ActiveCfg = Release|Any CPU
		{5A412DC5-E0B7-40F2-B1B4-34C633153C66}.Release|Any CPU.Build.0 = Release|Any CPU
		{85FBA891-EA3A-4506-9A02-E79D5EA13FF1}.Debug|Any CPU.ActiveCfg = Debug|Any CPU
		{85FBA891-EA3A-4506-9A02-E79D5EA13FF1}.Debug|Any CPU.Build.0 = Debug|Any CPU
		{85FBA891-EA3A-4506-9A02-E79D5EA13FF1}.Release|Any CPU.ActiveCfg = Release|Any CPU
		{85FBA891-EA3A-4506-9A02-E79D5EA13FF1}.Release|Any CPU.Build.0 = Release|Any CPU
		{12209E92-169C-439A-9140-B86A6A5FCD8F}.Debug|Any CPU.ActiveCfg = Debug|Any CPU
		{12209E92-169C-439A-9140-B86A6A5FCD8F}.Debug|Any CPU.Build.0 = Debug|Any CPU
		{12209E92-169C-439A-9140-B86A6A5FCD8F}.Release|Any CPU.ActiveCfg = Release|Any CPU
		{12209E92-169C-439A-9140-B86A6A5FCD8F}.Release|Any CPU.Build.0 = Release|Any CPU
	EndGlobalSection
	GlobalSection(SolutionProperties) = preSolution
		HideSolutionNode = FALSE
	EndGlobalSection
	GlobalSection(ExtensibilityGlobals) = postSolution
		SolutionGuid = {75754653-0E44-4164-9984-0FBF129CF5CD}
	EndGlobalSection
EndGlobal
